
Microsoft Visual Studio Solution File, Format Version 12.00
# Visual Studio Version 17
VisualStudioVersion = 17.11.35222.181
MinimumVisualStudioVersion = 10.0.40219.1
Project("{9A19103F-16F7-4668-BE54-9A1E7A4F7556}") = "ToDoList", "ToDoList\ToDoList.csproj", "{C25C2380-99B0-4BA2-88D6-1FD95D1BEB10}"
EndProject
Project("{9A19103F-16F7-4668-BE54-9A1E7A4F7556}") = "Calculator", "Calculator\Calculator.csproj", "{8C1BC375-7C7C-4A20-8B14-8A54FC6B8717}"
EndProject
Project("{9A19103F-16F7-4668-BE54-9A1E7A4F7556}") = "SandBox", "SandBox\SandBox.csproj", "{22CEA6DE-F081-4727-8D95-9817A2D08AB0}"
EndProject
Project("{FAE04EC0-301F-11D3-BF4B-00C04F79EFBC}") = "Rectangle", "Rectangle\Rectangle.csproj", "{7B1906D1-C146-48AF-A4C1-48DA90332A63}"
EndProject
Project("{FAE04EC0-301F-11D3-BF4B-00C04F79EFBC}") = "MedicalAppointmentSetter", "MedicalAppointmentSetter\MedicalAppointmentSetter.csproj", "{A27B8433-1DA4-4DCB-A8C9-44855A12B2A9}"
EndProject
Global
	GlobalSection(SolutionConfigurationPlatforms) = preSolution
		Debug|Any CPU = Debug|Any CPU
		Release|Any CPU = Release|Any CPU
	EndGlobalSection
	GlobalSection(ProjectConfigurationPlatforms) = postSolution
		{C25C2380-99B0-4BA2-88D6-1FD95D1BEB10}.Debug|Any CPU.ActiveCfg = Debug|Any CPU
		{C25C2380-99B0-4BA2-88D6-1FD95D1BEB10}.Debug|Any CPU.Build.0 = Debug|Any CPU
		{C25C2380-99B0-4BA2-88D6-1FD95D1BEB10}.Release|Any CPU.ActiveCfg = Release|Any CPU
		{C25C2380-99B0-4BA2-88D6-1FD95D1BEB10}.Release|Any CPU.Build.0 = Release|Any CPU
		{8C1BC375-7C7C-4A20-8B14-8A54FC6B8717}.Debug|Any CPU.ActiveCfg = Debug|Any CPU
		{8C1BC375-7C7C-4A20-8B14-8A54FC6B8717}.Debug|Any CPU.Build.0 = Debug|Any CPU
		{8C1BC375-7C7C-4A20-8B14-8A54FC6B8717}.Release|Any CPU.ActiveCfg = Release|Any CPU
		{8C1BC375-7C7C-4A20-8B14-8A54FC6B8717}.Release|Any CPU.Build.0 = Release|Any CPU
		{22CEA6DE-F081-4727-8D95-9817A2D08AB0}.Debug|Any CPU.ActiveCfg = Debug|Any CPU
		{22CEA6DE-F081-4727-8D95-9817A2D08AB0}.Debug|Any CPU.Build.0 = Debug|Any CPU
		{22CEA6DE-F081-4727-8D95-9817A2D08AB0}.Release|Any CPU.ActiveCfg = Release|Any CPU
		{22CEA6DE-F081-4727-8D95-9817A2D08AB0}.Release|Any CPU.Build.0 = Release|Any CPU
		{7B1906D1-C146-48AF-A4C1-48DA90332A63}.Debug|Any CPU.ActiveCfg = Debug|Any CPU
		{7B1906D1-C146-48AF-A4C1-48DA90332A63}.Debug|Any CPU.Build.0 = Debug|Any CPU
		{7B1906D1-C146-48AF-A4C1-48DA90332A63}.Release|Any CPU.ActiveCfg = Release|Any CPU
		{7B1906D1-C146-48AF-A4C1-48DA90332A63}.Release|Any CPU.Build.0 = Release|Any CPU
		{A27B8433-1DA4-4DCB-A8C9-44855A12B2A9}.Debug|Any CPU.ActiveCfg = Debug|Any CPU
		{A27B8433-1DA4-4DCB-A8C9-44855A12B2A9}.Debug|Any CPU.Build.0 = Debug|Any CPU
		{A27B8433-1DA4-4DCB-A8C9-44855A12B2A9}.Release|Any CPU.ActiveCfg = Release|Any CPU
		{A27B8433-1DA4-4DCB-A8C9-44855A12B2A9}.Release|Any CPU.Build.0 = Release|Any CPU
	EndGlobalSection
	GlobalSection(SolutionProperties) = preSolution
		HideSolutionNode = FALSE
	EndGlobalSection
	GlobalSection(ExtensibilityGlobals) = postSolution
		SolutionGuid = {B39924E6-3664-4821-9C02-60549993A712}
	EndGlobalSection
EndGlobal
